{
  "name": "razvojna-okolina",
  "version": "1.0.0",
  "lockfileVersion": 2,
  "requires": true,
  "packages": {
    "": {
      "name": "razvojna-okolina",
      "version": "1.0.0",
      "license": "ISC",
      "dependencies": {
        "coinflipjs": "^2.0.2"
      }
    },
    "node_modules/coinflipjs": {
      "version": "2.0.2",
      "resolved": "https://registry.npmjs.org/coinflipjs/-/coinflipjs-2.0.2.tgz",
      "integrity": "sha512-7BEzhk7oeseiVf4YA3fRcWQu6waGBFvjKLVdXeJu3+6CYrUydn1G5Z9OwmRB860i+r+JX/7O30V9DQop3tNAYQ==",
      "deprecated": "CoinflipJS has been deprecated and will no longer receive any updates."
    }
  },
  "dependencies": {
    "coinflipjs": {
      "version": "2.0.2",
      "resolved": "https://registry.npmjs.org/coinflipjs/-/coinflipjs-2.0.2.tgz",
      "integrity": "sha512-7BEzhk7oeseiVf4YA3fRcWQu6waGBFvjKLVdXeJu3+6CYrUydn1G5Z9OwmRB860i+r+JX/7O30V9DQop3tNAYQ=="
    }
  }
}
