{
  "name": "razvojna-okolina",
  "lockfileVersion": 3,
  "requires": true,
  "packages": {
    "": {
      "dependencies": {
        "cointoss": "^1.0.1"
      }
    },
    "node_modules/cointoss": {
      "version": "1.0.1",
      "resolved": "https://registry.npmjs.org/cointoss/-/cointoss-1.0.1.tgz",
      "integrity": "sha512-UeIuYI9vHi+UFdXf5RUdaV6iTHLMbPON6wnUBoLq2dFiZxZtMOfUXbfGVU07UYCkmhPf9giPzy4/M+Ig8Wz4Vw=="
    }
  }
}
